
Microsoft Visual Studio Solution File, Format Version 12.00
# Visual Studio Version 17
VisualStudioVersion = 17.6.33723.286
MinimumVisualStudioVersion = 10.0.40219.1
Project("{FAE04EC0-301F-11D3-BF4B-00C04F79EFBC}") = "ListProfessionalBlazor.Server", "ListProfessionalBlazor\Server\ListProfessionalBlazor.Server.csproj", "{B07589A9-9584-403D-8E54-951079670381}"
EndProject
Project("{FAE04EC0-301F-11D3-BF4B-00C04F79EFBC}") = "ListProfessionalBlazor.Client", "ListProfessionalBlazor\Client\ListProfessionalBlazor.Client.csproj", "{B676D581-4391-4E5F-9DD3-962C89B06465}"
EndProject
Project("{FAE04EC0-301F-11D3-BF4B-00C04F79EFBC}") = "ListProfessionalBlazor.Shared", "ListProfessionalBlazor\Shared\ListProfessionalBlazor.Shared.csproj", "{27BAF90B-A435-4B02-B381-630B4F4BC74A}"
EndProject
Global
	GlobalSection(SolutionConfigurationPlatforms) = preSolution
		Debug|Any CPU = Debug|Any CPU
		Release|Any CPU = Release|Any CPU
	EndGlobalSection
	GlobalSection(ProjectConfigurationPlatforms) = postSolution
		{B07589A9-9584-403D-8E54-951079670381}.Debug|Any CPU.ActiveCfg = Debug|Any CPU
		{B07589A9-9584-403D-8E54-951079670381}.Debug|Any CPU.Build.0 = Debug|Any CPU
		{B07589A9-9584-403D-8E54-951079670381}.Release|Any CPU.ActiveCfg = Release|Any CPU
		{B07589A9-9584-403D-8E54-951079670381}.Release|Any CPU.Build.0 = Release|Any CPU
		{B676D581-4391-4E5F-9DD3-962C89B06465}.Debug|Any CPU.ActiveCfg = Debug|Any CPU
		{B676D581-4391-4E5F-9DD3-962C89B06465}.Debug|Any CPU.Build.0 = Debug|Any CPU
		{B676D581-4391-4E5F-9DD3-962C89B06465}.Release|Any CPU.ActiveCfg = Release|Any CPU
		{B676D581-4391-4E5F-9DD3-962C89B06465}.Release|Any CPU.Build.0 = Release|Any CPU
		{27BAF90B-A435-4B02-B381-630B4F4BC74A}.Debug|Any CPU.ActiveCfg = Debug|Any CPU
		{27BAF90B-A435-4B02-B381-630B4F4BC74A}.Debug|Any CPU.Build.0 = Debug|Any CPU
		{27BAF90B-A435-4B02-B381-630B4F4BC74A}.Release|Any CPU.ActiveCfg = Release|Any CPU
		{27BAF90B-A435-4B02-B381-630B4F4BC74A}.Release|Any CPU.Build.0 = Release|Any CPU
	EndGlobalSection
	GlobalSection(SolutionProperties) = preSolution
		HideSolutionNode = FALSE
	EndGlobalSection
	GlobalSection(ExtensibilityGlobals) = postSolution
		SolutionGuid = {B246C52D-02C9-45EC-8856-D3AF5296E2AB}
	EndGlobalSection
EndGlobal
